
Microsoft Visual Studio Solution File, Format Version 12.00
# Visual Studio 15
VisualStudioVersion = 15.0.27428.2037
MinimumVisualStudioVersion = 10.0.40219.1
Project("{FAE04EC0-301F-11D3-BF4B-00C04F79EFBC}") = "SaveFood", "SaveFood\SaveFood.csproj", "{CC6B2D73-37BF-4EE3-801E-7E552D8E5E89}"
EndProject
Global
	GlobalSection(SolutionConfigurationPlatforms) = preSolution
		Debug|Any CPU = Debug|Any CPU
		Release|Any CPU = Release|Any CPU
	EndGlobalSection
	GlobalSection(ProjectConfigurationPlatforms) = postSolution
		{CC6B2D73-37BF-4EE3-801E-7E552D8E5E89}.Debug|Any CPU.ActiveCfg = Debug|Any CPU
		{CC6B2D73-37BF-4EE3-801E-7E552D8E5E89}.Debug|Any CPU.Build.0 = Debug|Any CPU
		{CC6B2D73-37BF-4EE3-801E-7E552D8E5E89}.Release|Any CPU.ActiveCfg = Release|Any CPU
		{CC6B2D73-37BF-4EE3-801E-7E552D8E5E89}.Release|Any CPU.Build.0 = Release|Any CPU
	EndGlobalSection
	GlobalSection(SolutionProperties) = preSolution
		HideSolutionNode = FALSE
	EndGlobalSection
	GlobalSection(ExtensibilityGlobals) = postSolution
		SolutionGuid = {A496EE4A-12CB-4E25-91E1-901320AD711D}
	EndGlobalSection
EndGlobal
